// !$*UTF8*$!
{
	archiveVersion = 1;
	classes = {
	};
	objectVersion = 46;
	objects = {

/* Begin PBXBuildFile section */
		C274D7E7AC4E1A1C9E2519A3 /* Pods_Show_And_Sell.framework in Frameworks */ = {isa = PBXBuildFile; fileRef = 6C117A59BC5519B6F426703B /* Pods_Show_And_Sell.framework */; };
		D80D79161DDA39980055A307 /* noimage.png in Resources */ = {isa = PBXBuildFile; fileRef = D80D79151DDA39980055A307 /* noimage.png */; };
		D835EA3A1E2C48E9009C0650 /* MessageTableViewCell.swift in Sources */ = {isa = PBXBuildFile; fileRef = D835EA391E2C48E8009C0650 /* MessageTableViewCell.swift */; };
		D84739991E59C98C00DB8763 /* OverlayView.swift in Sources */ = {isa = PBXBuildFile; fileRef = D84739981E59C98C00DB8763 /* OverlayView.swift */; };
		D84C070D1E043BAB0015DBEB /* CreateGroupViewController.swift in Sources */ = {isa = PBXBuildFile; fileRef = D84C070C1E043BAB0015DBEB /* CreateGroupViewController.swift */; };
		D852416B1E53665F00DCC394 /* showandsell.png in Resources */ = {isa = PBXBuildFile; fileRef = D852416A1E53665F00DCC394 /* showandsell.png */; };
		D852416D1E5367F200DCC394 /* BrowseCollectionViewController.swift in Sources */ = {isa = PBXBuildFile; fileRef = D852416C1E5367F200DCC394 /* BrowseCollectionViewController.swift */; };
		D852416F1E5369A600DCC394 /* ItemCollectionViewCell.swift in Sources */ = {isa = PBXBuildFile; fileRef = D852416E1E5369A600DCC394 /* ItemCollectionViewCell.swift */; };
		D85241741E536B7700DCC394 /* StaggeredLayout.swift in Sources */ = {isa = PBXBuildFile; fileRef = D85241731E536B7700DCC394 /* StaggeredLayout.swift */; };
		D85BD1BC1E561C370099FCD5 /* Search Filled.png in Resources */ = {isa = PBXBuildFile; fileRef = D85BD1BB1E561C370099FCD5 /* Search Filled.png */; };
		D85BD1BE1E5632BB0099FCD5 /* SimpleSearchBar.swift in Sources */ = {isa = PBXBuildFile; fileRef = D85BD1BD1E5632BB0099FCD5 /* SimpleSearchBar.swift */; };
		D85BD1C01E5633FA0099FCD5 /* SimpleSearchController.swift in Sources */ = {isa = PBXBuildFile; fileRef = D85BD1BF1E5633FA0099FCD5 /* SimpleSearchController.swift */; };
		D85BD1C21E5664600099FCD5 /* ItemDetailTableViewController.swift in Sources */ = {isa = PBXBuildFile; fileRef = D85BD1C11E5664600099FCD5 /* ItemDetailTableViewController.swift */; };
		D85BD1C41E56B8050099FCD5 /* shadow-old.png in Resources */ = {isa = PBXBuildFile; fileRef = D85BD1C31E56B8050099FCD5 /* shadow-old.png */; };
		D85BD1C61E56D26A0099FCD5 /* shadow.png in Resources */ = {isa = PBXBuildFile; fileRef = D85BD1C51E56D26A0099FCD5 /* shadow.png */; };
		D86D51051DEC93710096B58C /* ManageGroupTableViewController.swift in Sources */ = {isa = PBXBuildFile; fileRef = D86D51041DEC93710096B58C /* ManageGroupTableViewController.swift */; };
		D87BF9811E36E7FB00AA7EA1 /* Home Filled.png in Resources */ = {isa = PBXBuildFile; fileRef = D87BF9791E36E7FB00AA7EA1 /* Home Filled.png */; };
		D87BF9821E36E7FB00AA7EA1 /* Home.png in Resources */ = {isa = PBXBuildFile; fileRef = D87BF97A1E36E7FB00AA7EA1 /* Home.png */; };
		D87BF9831E36E7FB00AA7EA1 /* Plus Filled.png in Resources */ = {isa = PBXBuildFile; fileRef = D87BF97B1E36E7FB00AA7EA1 /* Plus Filled.png */; };
		D87BF9841E36E7FB00AA7EA1 /* Plus.png in Resources */ = {isa = PBXBuildFile; fileRef = D87BF97C1E36E7FB00AA7EA1 /* Plus.png */; };
		D87BF9851E36E7FB00AA7EA1 /* Settings Filled.png in Resources */ = {isa = PBXBuildFile; fileRef = D87BF97D1E36E7FB00AA7EA1 /* Settings Filled.png */; };
		D87BF9861E36E7FB00AA7EA1 /* Settings.png in Resources */ = {isa = PBXBuildFile; fileRef = D87BF97E1E36E7FB00AA7EA1 /* Settings.png */; };
		D87BF9871E36E7FB00AA7EA1 /* Star Filled.png in Resources */ = {isa = PBXBuildFile; fileRef = D87BF97F1E36E7FB00AA7EA1 /* Star Filled.png */; };
		D87BF9881E36E7FB00AA7EA1 /* Star.png in Resources */ = {isa = PBXBuildFile; fileRef = D87BF9801E36E7FB00AA7EA1 /* Star.png */; };
		D88C05FD1E30696500A30FFB /* Message.swift in Sources */ = {isa = PBXBuildFile; fileRef = D88C05FC1E30696500A30FFB /* Message.swift */; };
		D89394921E695F63004EF5BB /* GoogleService-Info.plist in Resources */ = {isa = PBXBuildFile; fileRef = D89394911E695F63004EF5BB /* GoogleService-Info.plist */; };
		D8A2CA2E1D91928200E5ADC4 /* SSTabBarViewController.swift in Sources */ = {isa = PBXBuildFile; fileRef = D8A2CA2D1D91928200E5ADC4 /* SSTabBarViewController.swift */; };
		D8A2CA301D9193F100E5ADC4 /* GroupDetailViewController.swift in Sources */ = {isa = PBXBuildFile; fileRef = D8A2CA2F1D9193F100E5ADC4 /* GroupDetailViewController.swift */; };
		D8A2CA331D942F1C00E5ADC4 /* ZoomSegue.swift in Sources */ = {isa = PBXBuildFile; fileRef = D8A2CA321D942F1C00E5ADC4 /* ZoomSegue.swift */; };
		D8A2CA351D942FAE00E5ADC4 /* ZoomUnwindSegue.swift in Sources */ = {isa = PBXBuildFile; fileRef = D8A2CA341D942FAE00E5ADC4 /* ZoomUnwindSegue.swift */; };
		D8B232C21E1D7EB7000234E8 /* MessagesTableViewController.swift in Sources */ = {isa = PBXBuildFile; fileRef = D8B232C11E1D7EB7000234E8 /* MessagesTableViewController.swift */; };
		D8C129861DB6696A005B86E5 /* SaveData.swift in Sources */ = {isa = PBXBuildFile; fileRef = D8C129851DB6696A005B86E5 /* SaveData.swift */; };
		D8C5FD031DBFAE410062FDF5 /* Group.swift in Sources */ = {isa = PBXBuildFile; fileRef = D8C5FD021DBFAE410062FDF5 /* Group.swift */; };
		D8C5FD051DBFEC4E0062FDF5 /* FindGroupTableViewCell.swift in Sources */ = {isa = PBXBuildFile; fileRef = D8C5FD041DBFEC4E0062FDF5 /* FindGroupTableViewCell.swift */; };
		D8CA36611D8AF2CA00A30D39 /* ItemTableViewCell.swift in Sources */ = {isa = PBXBuildFile; fileRef = D8CA36601D8AF2CA00A30D39 /* ItemTableViewCell.swift */; };
		D8CA36631D8AFA2800A30D39 /* IntroPageViewController.swift in Sources */ = {isa = PBXBuildFile; fileRef = D8CA36621D8AFA2800A30D39 /* IntroPageViewController.swift */; };
		D8CA36651D8AFA7E00A30D39 /* IntroViewController.swift in Sources */ = {isa = PBXBuildFile; fileRef = D8CA36641D8AFA7E00A30D39 /* IntroViewController.swift */; };
		D8D316A31E6FC62500DB68F3 /* AccountSettingsTableViewController.swift in Sources */ = {isa = PBXBuildFile; fileRef = D8D316A21E6FC62500DB68F3 /* AccountSettingsTableViewController.swift */; };
		D8D316A81E6FD20900DB68F3 /* EditNameViewController.swift in Sources */ = {isa = PBXBuildFile; fileRef = D8D316A71E6FD20900DB68F3 /* EditNameViewController.swift */; };
		D8D316AA1E6FD22400DB68F3 /* EditEmailViewController.swift in Sources */ = {isa = PBXBuildFile; fileRef = D8D316A91E6FD22400DB68F3 /* EditEmailViewController.swift */; };
		D8D316AC1E6FD23800DB68F3 /* EditPasswordViewController.swift in Sources */ = {isa = PBXBuildFile; fileRef = D8D316AB1E6FD23800DB68F3 /* EditPasswordViewController.swift */; };
		D8D316AE1E6FFE5700DB68F3 /* green-check.png in Resources */ = {isa = PBXBuildFile; fileRef = D8D316AD1E6FFE5700DB68F3 /* green-check.png */; };
		D8D316B01E705EE000DB68F3 /* Compass.png in Resources */ = {isa = PBXBuildFile; fileRef = D8D316AF1E705EE000DB68F3 /* Compass.png */; };
		D8D316B21E705EE800DB68F3 /* Compass Filled.png in Resources */ = {isa = PBXBuildFile; fileRef = D8D316B11E705EE800DB68F3 /* Compass Filled.png */; };
		D8D316B41E70914200DB68F3 /* red-x.png in Resources */ = {isa = PBXBuildFile; fileRef = D8D316B31E70914200DB68F3 /* red-x.png */; };
		D8DC45951D9579CA00E53B34 /* HttpRequestManager.swift in Sources */ = {isa = PBXBuildFile; fileRef = D8DC45941D9579CA00E53B34 /* HttpRequestManager.swift */; };
		D8DC45971D957ACE00E53B34 /* User.swift in Sources */ = {isa = PBXBuildFile; fileRef = D8DC45961D957ACE00E53B34 /* User.swift */; };
		D8E3889B1E423D5700E034C9 /* ChooseLocationViewController.swift in Sources */ = {isa = PBXBuildFile; fileRef = D8E3889A1E423D5700E034C9 /* ChooseLocationViewController.swift */; };
		D8E9D3D71E654B3F00AA1B7C /* showandsell-small.png in Resources */ = {isa = PBXBuildFile; fileRef = D8E9D3D61E654B3F00AA1B7C /* showandsell-small.png */; };
		D8FDE3B81D7DF5A600B98B48 /* AppDelegate.swift in Sources */ = {isa = PBXBuildFile; fileRef = D8FDE3B71D7DF5A600B98B48 /* AppDelegate.swift */; };
		D8FDE3BA1D7DF5A600B98B48 /* LoginViewController.swift in Sources */ = {isa = PBXBuildFile; fileRef = D8FDE3B91D7DF5A600B98B48 /* LoginViewController.swift */; };
		D8FDE3BD1D7DF5A600B98B48 /* Main.storyboard in Resources */ = {isa = PBXBuildFile; fileRef = D8FDE3BB1D7DF5A600B98B48 /* Main.storyboard */; };
		D8FDE3BF1D7DF5A700B98B48 /* Assets.xcassets in Resources */ = {isa = PBXBuildFile; fileRef = D8FDE3BE1D7DF5A700B98B48 /* Assets.xcassets */; };
		D8FDE3C21D7DF5A700B98B48 /* LaunchScreen.storyboard in Resources */ = {isa = PBXBuildFile; fileRef = D8FDE3C01D7DF5A700B98B48 /* LaunchScreen.storyboard */; };
		D8FDE3CB1D7DFFB100B98B48 /* CreateAccountViewController.swift in Sources */ = {isa = PBXBuildFile; fileRef = D8FDE3CA1D7DFFB100B98B48 /* CreateAccountViewController.swift */; };
		D8FDE3CF1D7E002F00B98B48 /* DonateViewController.swift in Sources */ = {isa = PBXBuildFile; fileRef = D8FDE3CE1D7E002F00B98B48 /* DonateViewController.swift */; };
		D8FDE3D11D7E003E00B98B48 /* BookmarksTableViewController.swift in Sources */ = {isa = PBXBuildFile; fileRef = D8FDE3D01D7E003E00B98B48 /* BookmarksTableViewController.swift */; };
		D8FDE3D31D7E01BC00B98B48 /* DonateItemViewController.swift in Sources */ = {isa = PBXBuildFile; fileRef = D8FDE3D21D7E01BC00B98B48 /* DonateItemViewController.swift */; };
		D8FDFB1C1DBAA1EB008E09B1 /* FindGroupTableViewController.swift in Sources */ = {isa = PBXBuildFile; fileRef = D8FDFB1B1DBAA1EB008E09B1 /* FindGroupTableViewController.swift */; };
		D8FE95DD1DA6A89B002276AF /* Item.swift in Sources */ = {isa = PBXBuildFile; fileRef = D8FE95DC1DA6A89B002276AF /* Item.swift */; };
		D8FE95DF1DADA08D002276AF /* SettingsTableViewController.swift in Sources */ = {isa = PBXBuildFile; fileRef = D8FE95DE1DADA08D002276AF /* SettingsTableViewController.swift */; };
/* End PBXBuildFile section */

/* Begin PBXFileReference section */
		6C117A59BC5519B6F426703B /* Pods_Show_And_Sell.framework */ = {isa = PBXFileReference; explicitFileType = wrapper.framework; includeInIndex = 0; path = Pods_Show_And_Sell.framework; sourceTree = BUILT_PRODUCTS_DIR; };
		CB4C2617C52FE7A9211E9F2C /* Pods-Show And Sell.debug.xcconfig */ = {isa = PBXFileReference; includeInIndex = 1; lastKnownFileType = text.xcconfig; name = "Pods-Show And Sell.debug.xcconfig"; path = "Pods/Target Support Files/Pods-Show And Sell/Pods-Show And Sell.debug.xcconfig"; sourceTree = "<group>"; };
		D80D79151DDA39980055A307 /* noimage.png */ = {isa = PBXFileReference; lastKnownFileType = image.png; path = noimage.png; sourceTree = "<group>"; };
		D835EA391E2C48E8009C0650 /* MessageTableViewCell.swift */ = {isa = PBXFileReference; fileEncoding = 4; lastKnownFileType = sourcecode.swift; path = MessageTableViewCell.swift; sourceTree = "<group>"; };
		D84739981E59C98C00DB8763 /* OverlayView.swift */ = {isa = PBXFileReference; fileEncoding = 4; lastKnownFileType = sourcecode.swift; path = OverlayView.swift; sourceTree = "<group>"; };
		D84C070C1E043BAB0015DBEB /* CreateGroupViewController.swift */ = {isa = PBXFileReference; fileEncoding = 4; lastKnownFileType = sourcecode.swift; path = CreateGroupViewController.swift; sourceTree = "<group>"; };
		D852416A1E53665F00DCC394 /* showandsell.png */ = {isa = PBXFileReference; lastKnownFileType = image.png; path = showandsell.png; sourceTree = "<group>"; };
		D852416C1E5367F200DCC394 /* BrowseCollectionViewController.swift */ = {isa = PBXFileReference; fileEncoding = 4; lastKnownFileType = sourcecode.swift; path = BrowseCollectionViewController.swift; sourceTree = "<group>"; };
		D852416E1E5369A600DCC394 /* ItemCollectionViewCell.swift */ = {isa = PBXFileReference; fileEncoding = 4; lastKnownFileType = sourcecode.swift; path = ItemCollectionViewCell.swift; sourceTree = "<group>"; };
		D85241731E536B7700DCC394 /* StaggeredLayout.swift */ = {isa = PBXFileReference; fileEncoding = 4; lastKnownFileType = sourcecode.swift; path = StaggeredLayout.swift; sourceTree = "<group>"; };
		D85BD1BB1E561C370099FCD5 /* Search Filled.png */ = {isa = PBXFileReference; lastKnownFileType = image.png; path = "Search Filled.png"; sourceTree = "<group>"; };
		D85BD1BD1E5632BB0099FCD5 /* SimpleSearchBar.swift */ = {isa = PBXFileReference; fileEncoding = 4; lastKnownFileType = sourcecode.swift; path = SimpleSearchBar.swift; sourceTree = "<group>"; };
		D85BD1BF1E5633FA0099FCD5 /* SimpleSearchController.swift */ = {isa = PBXFileReference; fileEncoding = 4; lastKnownFileType = sourcecode.swift; path = SimpleSearchController.swift; sourceTree = "<group>"; };
		D85BD1C11E5664600099FCD5 /* ItemDetailTableViewController.swift */ = {isa = PBXFileReference; fileEncoding = 4; lastKnownFileType = sourcecode.swift; path = ItemDetailTableViewController.swift; sourceTree = "<group>"; };
		D85BD1C31E56B8050099FCD5 /* shadow-old.png */ = {isa = PBXFileReference; lastKnownFileType = image.png; path = "shadow-old.png"; sourceTree = "<group>"; };
		D85BD1C51E56D26A0099FCD5 /* shadow.png */ = {isa = PBXFileReference; lastKnownFileType = image.png; path = shadow.png; sourceTree = "<group>"; };
		D86D51041DEC93710096B58C /* ManageGroupTableViewController.swift */ = {isa = PBXFileReference; fileEncoding = 4; lastKnownFileType = sourcecode.swift; path = ManageGroupTableViewController.swift; sourceTree = "<group>"; };
		D87BF9791E36E7FB00AA7EA1 /* Home Filled.png */ = {isa = PBXFileReference; lastKnownFileType = image.png; path = "Home Filled.png"; sourceTree = "<group>"; };
		D87BF97A1E36E7FB00AA7EA1 /* Home.png */ = {isa = PBXFileReference; lastKnownFileType = image.png; path = Home.png; sourceTree = "<group>"; };
		D87BF97B1E36E7FB00AA7EA1 /* Plus Filled.png */ = {isa = PBXFileReference; lastKnownFileType = image.png; path = "Plus Filled.png"; sourceTree = "<group>"; };
		D87BF97C1E36E7FB00AA7EA1 /* Plus.png */ = {isa = PBXFileReference; lastKnownFileType = image.png; path = Plus.png; sourceTree = "<group>"; };
		D87BF97D1E36E7FB00AA7EA1 /* Settings Filled.png */ = {isa = PBXFileReference; lastKnownFileType = image.png; path = "Settings Filled.png"; sourceTree = "<group>"; };
		D87BF97E1E36E7FB00AA7EA1 /* Settings.png */ = {isa = PBXFileReference; lastKnownFileType = image.png; path = Settings.png; sourceTree = "<group>"; };
		D87BF97F1E36E7FB00AA7EA1 /* Star Filled.png */ = {isa = PBXFileReference; lastKnownFileType = image.png; path = "Star Filled.png"; sourceTree = "<group>"; };
		D87BF9801E36E7FB00AA7EA1 /* Star.png */ = {isa = PBXFileReference; lastKnownFileType = image.png; path = Star.png; sourceTree = "<group>"; };
		D88C05FC1E30696500A30FFB /* Message.swift */ = {isa = PBXFileReference; fileEncoding = 4; lastKnownFileType = sourcecode.swift; path = Message.swift; sourceTree = "<group>"; };
		D89394911E695F63004EF5BB /* GoogleService-Info.plist */ = {isa = PBXFileReference; fileEncoding = 4; lastKnownFileType = text.plist.xml; path = "GoogleService-Info.plist"; sourceTree = "<group>"; };
		D8A2CA2D1D91928200E5ADC4 /* SSTabBarViewController.swift */ = {isa = PBXFileReference; fileEncoding = 4; lastKnownFileType = sourcecode.swift; path = SSTabBarViewController.swift; sourceTree = "<group>"; };
		D8A2CA2F1D9193F100E5ADC4 /* GroupDetailViewController.swift */ = {isa = PBXFileReference; fileEncoding = 4; lastKnownFileType = sourcecode.swift; path = GroupDetailViewController.swift; sourceTree = "<group>"; };
		D8A2CA321D942F1C00E5ADC4 /* ZoomSegue.swift */ = {isa = PBXFileReference; fileEncoding = 4; lastKnownFileType = sourcecode.swift; path = ZoomSegue.swift; sourceTree = "<group>"; };
		D8A2CA341D942FAE00E5ADC4 /* ZoomUnwindSegue.swift */ = {isa = PBXFileReference; fileEncoding = 4; lastKnownFileType = sourcecode.swift; path = ZoomUnwindSegue.swift; sourceTree = "<group>"; };
		D8B232C11E1D7EB7000234E8 /* MessagesTableViewController.swift */ = {isa = PBXFileReference; fileEncoding = 4; lastKnownFileType = sourcecode.swift; path = MessagesTableViewController.swift; sourceTree = "<group>"; };
		D8C129851DB6696A005B86E5 /* SaveData.swift */ = {isa = PBXFileReference; fileEncoding = 4; lastKnownFileType = sourcecode.swift; path = SaveData.swift; sourceTree = "<group>"; };
		D8C5FD021DBFAE410062FDF5 /* Group.swift */ = {isa = PBXFileReference; fileEncoding = 4; lastKnownFileType = sourcecode.swift; path = Group.swift; sourceTree = "<group>"; };
		D8C5FD041DBFEC4E0062FDF5 /* FindGroupTableViewCell.swift */ = {isa = PBXFileReference; fileEncoding = 4; lastKnownFileType = sourcecode.swift; path = FindGroupTableViewCell.swift; sourceTree = "<group>"; };
		D8CA36601D8AF2CA00A30D39 /* ItemTableViewCell.swift */ = {isa = PBXFileReference; fileEncoding = 4; lastKnownFileType = sourcecode.swift; path = ItemTableViewCell.swift; sourceTree = "<group>"; };
		D8CA36621D8AFA2800A30D39 /* IntroPageViewController.swift */ = {isa = PBXFileReference; fileEncoding = 4; lastKnownFileType = sourcecode.swift; path = IntroPageViewController.swift; sourceTree = "<group>"; };
		D8CA36641D8AFA7E00A30D39 /* IntroViewController.swift */ = {isa = PBXFileReference; fileEncoding = 4; lastKnownFileType = sourcecode.swift; path = IntroViewController.swift; sourceTree = "<group>"; };
		D8D316A21E6FC62500DB68F3 /* AccountSettingsTableViewController.swift */ = {isa = PBXFileReference; fileEncoding = 4; lastKnownFileType = sourcecode.swift; path = AccountSettingsTableViewController.swift; sourceTree = "<group>"; };
		D8D316A71E6FD20900DB68F3 /* EditNameViewController.swift */ = {isa = PBXFileReference; fileEncoding = 4; lastKnownFileType = sourcecode.swift; path = EditNameViewController.swift; sourceTree = "<group>"; };
		D8D316A91E6FD22400DB68F3 /* EditEmailViewController.swift */ = {isa = PBXFileReference; fileEncoding = 4; lastKnownFileType = sourcecode.swift; path = EditEmailViewController.swift; sourceTree = "<group>"; };
		D8D316AB1E6FD23800DB68F3 /* EditPasswordViewController.swift */ = {isa = PBXFileReference; fileEncoding = 4; lastKnownFileType = sourcecode.swift; path = EditPasswordViewController.swift; sourceTree = "<group>"; };
		D8D316AD1E6FFE5700DB68F3 /* green-check.png */ = {isa = PBXFileReference; lastKnownFileType = image.png; path = "green-check.png"; sourceTree = "<group>"; };
		D8D316AF1E705EE000DB68F3 /* Compass.png */ = {isa = PBXFileReference; lastKnownFileType = image.png; path = Compass.png; sourceTree = "<group>"; };
		D8D316B11E705EE800DB68F3 /* Compass Filled.png */ = {isa = PBXFileReference; lastKnownFileType = image.png; path = "Compass Filled.png"; sourceTree = "<group>"; };
		D8D316B31E70914200DB68F3 /* red-x.png */ = {isa = PBXFileReference; lastKnownFileType = image.png; path = "red-x.png"; sourceTree = "<group>"; };
		D8DC45941D9579CA00E53B34 /* HttpRequestManager.swift */ = {isa = PBXFileReference; fileEncoding = 4; lastKnownFileType = sourcecode.swift; path = HttpRequestManager.swift; sourceTree = "<group>"; };
		D8DC45961D957ACE00E53B34 /* User.swift */ = {isa = PBXFileReference; fileEncoding = 4; lastKnownFileType = sourcecode.swift; path = User.swift; sourceTree = "<group>"; };
		D8E3889A1E423D5700E034C9 /* ChooseLocationViewController.swift */ = {isa = PBXFileReference; fileEncoding = 4; lastKnownFileType = sourcecode.swift; path = ChooseLocationViewController.swift; sourceTree = "<group>"; };
		D8E9D3D61E654B3F00AA1B7C /* showandsell-small.png */ = {isa = PBXFileReference; lastKnownFileType = image.png; path = "showandsell-small.png"; sourceTree = "<group>"; };
		D8FDE3B41D7DF5A500B98B48 /* Show And Sell.app */ = {isa = PBXFileReference; explicitFileType = wrapper.application; includeInIndex = 0; path = "Show And Sell.app"; sourceTree = BUILT_PRODUCTS_DIR; };
		D8FDE3B71D7DF5A600B98B48 /* AppDelegate.swift */ = {isa = PBXFileReference; lastKnownFileType = sourcecode.swift; path = AppDelegate.swift; sourceTree = "<group>"; };
		D8FDE3B91D7DF5A600B98B48 /* LoginViewController.swift */ = {isa = PBXFileReference; lastKnownFileType = sourcecode.swift; path = LoginViewController.swift; sourceTree = "<group>"; };
		D8FDE3BC1D7DF5A600B98B48 /* Base */ = {isa = PBXFileReference; lastKnownFileType = file.storyboard; name = Base; path = Base.lproj/Main.storyboard; sourceTree = "<group>"; };
		D8FDE3BE1D7DF5A700B98B48 /* Assets.xcassets */ = {isa = PBXFileReference; lastKnownFileType = folder.assetcatalog; path = Assets.xcassets; sourceTree = "<group>"; };
		D8FDE3C11D7DF5A700B98B48 /* Base */ = {isa = PBXFileReference; lastKnownFileType = file.storyboard; name = Base; path = Base.lproj/LaunchScreen.storyboard; sourceTree = "<group>"; };
		D8FDE3C31D7DF5A700B98B48 /* Info.plist */ = {isa = PBXFileReference; lastKnownFileType = text.plist.xml; path = Info.plist; sourceTree = "<group>"; };
		D8FDE3CA1D7DFFB100B98B48 /* CreateAccountViewController.swift */ = {isa = PBXFileReference; fileEncoding = 4; lastKnownFileType = sourcecode.swift; path = CreateAccountViewController.swift; sourceTree = "<group>"; };
		D8FDE3CE1D7E002F00B98B48 /* DonateViewController.swift */ = {isa = PBXFileReference; fileEncoding = 4; lastKnownFileType = sourcecode.swift; path = DonateViewController.swift; sourceTree = "<group>"; };
		D8FDE3D01D7E003E00B98B48 /* BookmarksTableViewController.swift */ = {isa = PBXFileReference; fileEncoding = 4; lastKnownFileType = sourcecode.swift; path = BookmarksTableViewController.swift; sourceTree = "<group>"; };
		D8FDE3D21D7E01BC00B98B48 /* DonateItemViewController.swift */ = {isa = PBXFileReference; fileEncoding = 4; lastKnownFileType = sourcecode.swift; path = DonateItemViewController.swift; sourceTree = "<group>"; };
		D8FDFB1B1DBAA1EB008E09B1 /* FindGroupTableViewController.swift */ = {isa = PBXFileReference; fileEncoding = 4; lastKnownFileType = sourcecode.swift; path = FindGroupTableViewController.swift; sourceTree = "<group>"; };
		D8FE95DC1DA6A89B002276AF /* Item.swift */ = {isa = PBXFileReference; fileEncoding = 4; lastKnownFileType = sourcecode.swift; path = Item.swift; sourceTree = "<group>"; };
		D8FE95DE1DADA08D002276AF /* SettingsTableViewController.swift */ = {isa = PBXFileReference; fileEncoding = 4; lastKnownFileType = sourcecode.swift; path = SettingsTableViewController.swift; sourceTree = "<group>"; };
		ECD91FE9C03C5CFE73CD1092 /* Pods-Show And Sell.release.xcconfig */ = {isa = PBXFileReference; includeInIndex = 1; lastKnownFileType = text.xcconfig; name = "Pods-Show And Sell.release.xcconfig"; path = "Pods/Target Support Files/Pods-Show And Sell/Pods-Show And Sell.release.xcconfig"; sourceTree = "<group>"; };
/* End PBXFileReference section */

/* Begin PBXFrameworksBuildPhase section */
		D8FDE3B11D7DF5A500B98B48 /* Frameworks */ = {
			isa = PBXFrameworksBuildPhase;
			buildActionMask = 2147483647;
			files = (
				C274D7E7AC4E1A1C9E2519A3 /* Pods_Show_And_Sell.framework in Frameworks */,
			);
			runOnlyForDeploymentPostprocessing = 0;
		};
/* End PBXFrameworksBuildPhase section */

/* Begin PBXGroup section */
		7710E8BD90E963F04DCEFFD1 /* Pods */ = {
			isa = PBXGroup;
			children = (
				CB4C2617C52FE7A9211E9F2C /* Pods-Show And Sell.debug.xcconfig */,
				ECD91FE9C03C5CFE73CD1092 /* Pods-Show And Sell.release.xcconfig */,
			);
			name = Pods;
			sourceTree = "<group>";
		};
		C25D972C5462524769F7A8E2 /* Frameworks */ = {
			isa = PBXGroup;
			children = (
				6C117A59BC5519B6F426703B /* Pods_Show_And_Sell.framework */,
			);
			name = Frameworks;
			sourceTree = "<group>";
		};
		D84393BC1DBF1C33008E7721 /* res */ = {
			isa = PBXGroup;
			children = (
				D8D316AF1E705EE000DB68F3 /* Compass.png */,
				D8D316B11E705EE800DB68F3 /* Compass Filled.png */,
				D8D316AD1E6FFE5700DB68F3 /* green-check.png */,
				D8D316B31E70914200DB68F3 /* red-x.png */,
				D852416A1E53665F00DCC394 /* showandsell.png */,
				D8E9D3D61E654B3F00AA1B7C /* showandsell-small.png */,
				D85BD1C51E56D26A0099FCD5 /* shadow.png */,
				D85BD1C31E56B8050099FCD5 /* shadow-old.png */,
				D85BD1BB1E561C370099FCD5 /* Search Filled.png */,
				D87BF9791E36E7FB00AA7EA1 /* Home Filled.png */,
				D87BF97A1E36E7FB00AA7EA1 /* Home.png */,
				D87BF97B1E36E7FB00AA7EA1 /* Plus Filled.png */,
				D87BF97C1E36E7FB00AA7EA1 /* Plus.png */,
				D87BF97D1E36E7FB00AA7EA1 /* Settings Filled.png */,
				D87BF97E1E36E7FB00AA7EA1 /* Settings.png */,
				D87BF97F1E36E7FB00AA7EA1 /* Star Filled.png */,
				D87BF9801E36E7FB00AA7EA1 /* Star.png */,
				D80D79151DDA39980055A307 /* noimage.png */,
			);
			name = res;
			sourceTree = "<group>";
		};
		D84393C11DBF1E0A008E7721 /* Tabs */ = {
			isa = PBXGroup;
			children = (
				D852416C1E5367F200DCC394 /* BrowseCollectionViewController.swift */,
				D8FDE3D01D7E003E00B98B48 /* BookmarksTableViewController.swift */,
				D8FDE3CE1D7E002F00B98B48 /* DonateViewController.swift */,
			);
			name = Tabs;
			sourceTree = "<group>";
		};
		D85241701E536A2D00DCC394 /* Layout */ = {
			isa = PBXGroup;
			children = (
				D85241731E536B7700DCC394 /* StaggeredLayout.swift */,
			);
			name = Layout;
			sourceTree = "<group>";
		};
		D8A2CA311D942EAD00E5ADC4 /* Segues */ = {
			isa = PBXGroup;
			children = (
				D8A2CA321D942F1C00E5ADC4 /* ZoomSegue.swift */,
				D8A2CA341D942FAE00E5ADC4 /* ZoomUnwindSegue.swift */,
			);
			name = Segues;
			sourceTree = "<group>";
		};
		D8B232C31E1D7F0F000234E8 /* Detail */ = {
			isa = PBXGroup;
			children = (
				D85BD1C11E5664600099FCD5 /* ItemDetailTableViewController.swift */,
				D8FDE3D21D7E01BC00B98B48 /* DonateItemViewController.swift */,
				D84C070C1E043BAB0015DBEB /* CreateGroupViewController.swift */,
				D8A2CA2F1D9193F100E5ADC4 /* GroupDetailViewController.swift */,
			);
			name = Detail;
			sourceTree = "<group>";
		};
		D8B232C41E1D7F92000234E8 /* Intro */ = {
			isa = PBXGroup;
			children = (
				D8CA36641D8AFA7E00A30D39 /* IntroViewController.swift */,
				D8CA36621D8AFA2800A30D39 /* IntroPageViewController.swift */,
				D8FDE3B91D7DF5A600B98B48 /* LoginViewController.swift */,
				D8FDE3CA1D7DFFB100B98B48 /* CreateAccountViewController.swift */,
			);
			name = Intro;
			sourceTree = "<group>";
		};
		D8D316A61E6FD1E800DB68F3 /* Account Settings */ = {
			isa = PBXGroup;
			children = (
				D8D316A71E6FD20900DB68F3 /* EditNameViewController.swift */,
				D8D316A91E6FD22400DB68F3 /* EditEmailViewController.swift */,
				D8D316AB1E6FD23800DB68F3 /* EditPasswordViewController.swift */,
			);
			name = "Account Settings";
			sourceTree = "<group>";
		};
		D8DC45931D95797800E53B34 /* Models */ = {
			isa = PBXGroup;
			children = (
				D8C129851DB6696A005B86E5 /* SaveData.swift */,
				D8DC45961D957ACE00E53B34 /* User.swift */,
				D8FE95DC1DA6A89B002276AF /* Item.swift */,
				D8C5FD021DBFAE410062FDF5 /* Group.swift */,
				D88C05FC1E30696500A30FFB /* Message.swift */,
			);
			name = Models;
			sourceTree = "<group>";
		};
		D8E62B041D834121002018CD /* Views */ = {
			isa = PBXGroup;
			children = (
				D85BD1BD1E5632BB0099FCD5 /* SimpleSearchBar.swift */,
				D8CA36601D8AF2CA00A30D39 /* ItemTableViewCell.swift */,
				D8C5FD041DBFEC4E0062FDF5 /* FindGroupTableViewCell.swift */,
				D835EA391E2C48E8009C0650 /* MessageTableViewCell.swift */,
				D852416E1E5369A600DCC394 /* ItemCollectionViewCell.swift */,
				D84739981E59C98C00DB8763 /* OverlayView.swift */,
			);
			name = Views;
			sourceTree = "<group>";
		};
		D8FDE3AB1D7DF5A500B98B48 = {
			isa = PBXGroup;
			children = (
				D89394911E695F63004EF5BB /* GoogleService-Info.plist */,
				D8FDE3B61D7DF5A600B98B48 /* Show And Sell */,
				D8FDE3B51D7DF5A500B98B48 /* Products */,
				7710E8BD90E963F04DCEFFD1 /* Pods */,
				C25D972C5462524769F7A8E2 /* Frameworks */,
			);
			sourceTree = "<group>";
		};
		D8FDE3B51D7DF5A500B98B48 /* Products */ = {
			isa = PBXGroup;
			children = (
				D8FDE3B41D7DF5A500B98B48 /* Show And Sell.app */,
			);
			name = Products;
			sourceTree = "<group>";
		};
		D8FDE3B61D7DF5A600B98B48 /* Show And Sell */ = {
			isa = PBXGroup;
			children = (
				D84393BC1DBF1C33008E7721 /* res */,
				D8FDE3B71D7DF5A600B98B48 /* AppDelegate.swift */,
				D8DC45941D9579CA00E53B34 /* HttpRequestManager.swift */,
				D8FDE3C91D7DFF4200B98B48 /* ViewControllers */,
				D8E62B041D834121002018CD /* Views */,
				D8A2CA311D942EAD00E5ADC4 /* Segues */,
				D8DC45931D95797800E53B34 /* Models */,
				D85241701E536A2D00DCC394 /* Layout */,
				D8FDE3BB1D7DF5A600B98B48 /* Main.storyboard */,
				D8FDE3BE1D7DF5A700B98B48 /* Assets.xcassets */,
				D8FDE3C01D7DF5A700B98B48 /* LaunchScreen.storyboard */,
				D8FDE3C31D7DF5A700B98B48 /* Info.plist */,
			);
			path = "Show And Sell";
			sourceTree = "<group>";
		};
		D8FDE3C91D7DFF4200B98B48 /* ViewControllers */ = {
			isa = PBXGroup;
			children = (
				D8B232C41E1D7F92000234E8 /* Intro */,
				D8B232C31E1D7F0F000234E8 /* Detail */,
				D8A2CA2D1D91928200E5ADC4 /* SSTabBarViewController.swift */,
				D84393C11DBF1E0A008E7721 /* Tabs */,
				D8FE95DE1DADA08D002276AF /* SettingsTableViewController.swift */,
				D8FDFB1B1DBAA1EB008E09B1 /* FindGroupTableViewController.swift */,
				D86D51041DEC93710096B58C /* ManageGroupTableViewController.swift */,
				D8D316A21E6FC62500DB68F3 /* AccountSettingsTableViewController.swift */,
				D8D316A61E6FD1E800DB68F3 /* Account Settings */,
				D8B232C11E1D7EB7000234E8 /* MessagesTableViewController.swift */,
				D8E3889A1E423D5700E034C9 /* ChooseLocationViewController.swift */,
				D85BD1BF1E5633FA0099FCD5 /* SimpleSearchController.swift */,
			);
			name = ViewControllers;
			sourceTree = "<group>";
		};
/* End PBXGroup section */

/* Begin PBXNativeTarget section */
		D8FDE3B31D7DF5A500B98B48 /* Show And Sell */ = {
			isa = PBXNativeTarget;
			buildConfigurationList = D8FDE3C61D7DF5A700B98B48 /* Build configuration list for PBXNativeTarget "Show And Sell" */;
			buildPhases = (
				9F9C5802D8AE06FBD1570A77 /* [CP] Check Pods Manifest.lock */,
				D8FDE3B01D7DF5A500B98B48 /* Sources */,
				D8FDE3B11D7DF5A500B98B48 /* Frameworks */,
				D8FDE3B21D7DF5A500B98B48 /* Resources */,
				E789F8181D5E39530966F3A4 /* [CP] Embed Pods Frameworks */,
				033DA1FCD00AD5A86F2E6238 /* [CP] Copy Pods Resources */,
			);
			buildRules = (
			);
			dependencies = (
			);
			name = "Show And Sell";
			productName = "Show And Sell";
			productReference = D8FDE3B41D7DF5A500B98B48 /* Show And Sell.app */;
			productType = "com.apple.product-type.application";
		};
/* End PBXNativeTarget section */

/* Begin PBXProject section */
		D8FDE3AC1D7DF5A500B98B48 /* Project object */ = {
			isa = PBXProject;
			attributes = {
				LastSwiftUpdateCheck = 0730;
				LastUpgradeCheck = 0800;
				ORGANIZATIONNAME = "Brayden Cloud";
				TargetAttributes = {
					D8FDE3B31D7DF5A500B98B48 = {
						CreatedOnToolsVersion = 7.3.1;
						DevelopmentTeam = 43G9VP4VY7;
						LastSwiftMigration = 0800;
					};
				};
			};
			buildConfigurationList = D8FDE3AF1D7DF5A500B98B48 /* Build configuration list for PBXProject "Show And Sell" */;
			compatibilityVersion = "Xcode 3.2";
			developmentRegion = English;
			hasScannedForEncodings = 0;
			knownRegions = (
				en,
				Base,
			);
			mainGroup = D8FDE3AB1D7DF5A500B98B48;
			productRefGroup = D8FDE3B51D7DF5A500B98B48 /* Products */;
			projectDirPath = "";
			projectRoot = "";
			targets = (
				D8FDE3B31D7DF5A500B98B48 /* Show And Sell */,
			);
		};
/* End PBXProject section */

/* Begin PBXResourcesBuildPhase section */
		D8FDE3B21D7DF5A500B98B48 /* Resources */ = {
			isa = PBXResourcesBuildPhase;
			buildActionMask = 2147483647;
			files = (
				D87BF9871E36E7FB00AA7EA1 /* Star Filled.png in Resources */,
				D8D316B21E705EE800DB68F3 /* Compass Filled.png in Resources */,
				D87BF9841E36E7FB00AA7EA1 /* Plus.png in Resources */,
				D8D316AE1E6FFE5700DB68F3 /* green-check.png in Resources */,
				D87BF9881E36E7FB00AA7EA1 /* Star.png in Resources */,
				D80D79161DDA39980055A307 /* noimage.png in Resources */,
				D8FDE3C21D7DF5A700B98B48 /* LaunchScreen.storyboard in Resources */,
				D87BF9861E36E7FB00AA7EA1 /* Settings.png in Resources */,
				D85BD1C41E56B8050099FCD5 /* shadow-old.png in Resources */,
				D8FDE3BF1D7DF5A700B98B48 /* Assets.xcassets in Resources */,
				D8D316B41E70914200DB68F3 /* red-x.png in Resources */,
				D8FDE3BD1D7DF5A600B98B48 /* Main.storyboard in Resources */,
				D852416B1E53665F00DCC394 /* showandsell.png in Resources */,
				D8E9D3D71E654B3F00AA1B7C /* showandsell-small.png in Resources */,
				D8D316B01E705EE000DB68F3 /* Compass.png in Resources */,
				D87BF9811E36E7FB00AA7EA1 /* Home Filled.png in Resources */,
				D87BF9851E36E7FB00AA7EA1 /* Settings Filled.png in Resources */,
				D87BF9831E36E7FB00AA7EA1 /* Plus Filled.png in Resources */,
				D87BF9821E36E7FB00AA7EA1 /* Home.png in Resources */,
				D85BD1BC1E561C370099FCD5 /* Search Filled.png in Resources */,
				D85BD1C61E56D26A0099FCD5 /* shadow.png in Resources */,
				D89394921E695F63004EF5BB /* GoogleService-Info.plist in Resources */,
			);
			runOnlyForDeploymentPostprocessing = 0;
		};
/* End PBXResourcesBuildPhase section */

/* Begin PBXShellScriptBuildPhase section */
		033DA1FCD00AD5A86F2E6238 /* [CP] Copy Pods Resources */ = {
			isa = PBXShellScriptBuildPhase;
			buildActionMask = 2147483647;
			files = (
			);
			inputPaths = (
			);
			name = "[CP] Copy Pods Resources";
			outputPaths = (
			);
			runOnlyForDeploymentPostprocessing = 0;
			shellPath = /bin/sh;
			shellScript = "\"${SRCROOT}/Pods/Target Support Files/Pods-Show And Sell/Pods-Show And Sell-resources.sh\"\n";
			showEnvVarsInLog = 0;
		};
		9F9C5802D8AE06FBD1570A77 /* [CP] Check Pods Manifest.lock */ = {
			isa = PBXShellScriptBuildPhase;
			buildActionMask = 2147483647;
			files = (
			);
			inputPaths = (
			);
			name = "[CP] Check Pods Manifest.lock";
			outputPaths = (
			);
			runOnlyForDeploymentPostprocessing = 0;
			shellPath = /bin/sh;
			shellScript = "diff \"${PODS_ROOT}/../Podfile.lock\" \"${PODS_ROOT}/Manifest.lock\" > /dev/null\nif [ $? != 0 ] ; then\n    # print error to STDERR\n    echo \"error: The sandbox is not in sync with the Podfile.lock. Run 'pod install' or update your CocoaPods installation.\" >&2\n    exit 1\nfi\n";
			showEnvVarsInLog = 0;
		};
		E789F8181D5E39530966F3A4 /* [CP] Embed Pods Frameworks */ = {
			isa = PBXShellScriptBuildPhase;
			buildActionMask = 2147483647;
			files = (
			);
			inputPaths = (
			);
			name = "[CP] Embed Pods Frameworks";
			outputPaths = (
			);
			runOnlyForDeploymentPostprocessing = 0;
			shellPath = /bin/sh;
			shellScript = "\"${SRCROOT}/Pods/Target Support Files/Pods-Show And Sell/Pods-Show And Sell-frameworks.sh\"\n";
			showEnvVarsInLog = 0;
		};
/* End PBXShellScriptBuildPhase section */

/* Begin PBXSourcesBuildPhase section */
		D8FDE3B01D7DF5A500B98B48 /* Sources */ = {
			isa = PBXSourcesBuildPhase;
			buildActionMask = 2147483647;
			files = (
				D8FDE3D31D7E01BC00B98B48 /* DonateItemViewController.swift in Sources */,
				D8CA36631D8AFA2800A30D39 /* IntroPageViewController.swift in Sources */,
				D8CA36651D8AFA7E00A30D39 /* IntroViewController.swift in Sources */,
				D8C5FD051DBFEC4E0062FDF5 /* FindGroupTableViewCell.swift in Sources */,
				D8FE95DF1DADA08D002276AF /* SettingsTableViewController.swift in Sources */,
				D8A2CA351D942FAE00E5ADC4 /* ZoomUnwindSegue.swift in Sources */,
				D8FDE3D11D7E003E00B98B48 /* BookmarksTableViewController.swift in Sources */,
				D8D316AA1E6FD22400DB68F3 /* EditEmailViewController.swift in Sources */,
				D8B232C21E1D7EB7000234E8 /* MessagesTableViewController.swift in Sources */,
				D84739991E59C98C00DB8763 /* OverlayView.swift in Sources */,
				D8D316A81E6FD20900DB68F3 /* EditNameViewController.swift in Sources */,
				D8FDFB1C1DBAA1EB008E09B1 /* FindGroupTableViewController.swift in Sources */,
				D8DC45951D9579CA00E53B34 /* HttpRequestManager.swift in Sources */,
				D8D316A31E6FC62500DB68F3 /* AccountSettingsTableViewController.swift in Sources */,
				D8CA36611D8AF2CA00A30D39 /* ItemTableViewCell.swift in Sources */,
				D835EA3A1E2C48E9009C0650 /* MessageTableViewCell.swift in Sources */,
				D852416F1E5369A600DCC394 /* ItemCollectionViewCell.swift in Sources */,
				D84C070D1E043BAB0015DBEB /* CreateGroupViewController.swift in Sources */,
				D852416D1E5367F200DCC394 /* BrowseCollectionViewController.swift in Sources */,
				D88C05FD1E30696500A30FFB /* Message.swift in Sources */,
				D85BD1BE1E5632BB0099FCD5 /* SimpleSearchBar.swift in Sources */,
				D8A2CA301D9193F100E5ADC4 /* GroupDetailViewController.swift in Sources */,
				D86D51051DEC93710096B58C /* ManageGroupTableViewController.swift in Sources */,
				D85BD1C21E5664600099FCD5 /* ItemDetailTableViewController.swift in Sources */,
				D8C5FD031DBFAE410062FDF5 /* Group.swift in Sources */,
				D8FDE3CB1D7DFFB100B98B48 /* CreateAccountViewController.swift in Sources */,
				D8E3889B1E423D5700E034C9 /* ChooseLocationViewController.swift in Sources */,
				D8A2CA2E1D91928200E5ADC4 /* SSTabBarViewController.swift in Sources */,
				D8FDE3BA1D7DF5A600B98B48 /* LoginViewController.swift in Sources */,
				D8A2CA331D942F1C00E5ADC4 /* ZoomSegue.swift in Sources */,
				D8C129861DB6696A005B86E5 /* SaveData.swift in Sources */,
				D8FE95DD1DA6A89B002276AF /* Item.swift in Sources */,
				D8D316AC1E6FD23800DB68F3 /* EditPasswordViewController.swift in Sources */,
				D8DC45971D957ACE00E53B34 /* User.swift in Sources */,
				D85241741E536B7700DCC394 /* StaggeredLayout.swift in Sources */,
				D8FDE3B81D7DF5A600B98B48 /* AppDelegate.swift in Sources */,
				D85BD1C01E5633FA0099FCD5 /* SimpleSearchController.swift in Sources */,
				D8FDE3CF1D7E002F00B98B48 /* DonateViewController.swift in Sources */,
			);
			runOnlyForDeploymentPostprocessing = 0;
		};
/* End PBXSourcesBuildPhase section */

/* Begin PBXVariantGroup section */
		D8FDE3BB1D7DF5A600B98B48 /* Main.storyboard */ = {
			isa = PBXVariantGroup;
			children = (
				D8FDE3BC1D7DF5A600B98B48 /* Base */,
			);
			name = Main.storyboard;
			sourceTree = "<group>";
		};
		D8FDE3C01D7DF5A700B98B48 /* LaunchScreen.storyboard */ = {
			isa = PBXVariantGroup;
			children = (
				D8FDE3C11D7DF5A700B98B48 /* Base */,
			);
			name = LaunchScreen.storyboard;
			sourceTree = "<group>";
		};
/* End PBXVariantGroup section */

/* Begin XCBuildConfiguration section */
		D8FDE3C41D7DF5A700B98B48 /* Debug */ = {
			isa = XCBuildConfiguration;
			buildSettings = {
				ALWAYS_SEARCH_USER_PATHS = NO;
				CLANG_ANALYZER_NONNULL = YES;
				CLANG_CXX_LANGUAGE_STANDARD = "gnu++0x";
				CLANG_CXX_LIBRARY = "libc++";
				CLANG_ENABLE_MODULES = YES;
				CLANG_ENABLE_OBJC_ARC = YES;
				CLANG_WARN_BOOL_CONVERSION = YES;
				CLANG_WARN_CONSTANT_CONVERSION = YES;
				CLANG_WARN_DIRECT_OBJC_ISA_USAGE = YES_ERROR;
				CLANG_WARN_EMPTY_BODY = YES;
				CLANG_WARN_ENUM_CONVERSION = YES;
				CLANG_WARN_INFINITE_RECURSION = YES;
				CLANG_WARN_INT_CONVERSION = YES;
				CLANG_WARN_OBJC_ROOT_CLASS = YES_ERROR;
				CLANG_WARN_SUSPICIOUS_MOVE = YES;
				CLANG_WARN_UNREACHABLE_CODE = YES;
				CLANG_WARN__DUPLICATE_METHOD_MATCH = YES;
				CODE_SIGN_IDENTITY = "iPhone Developer: brayden14cloud@gmail.com (44ZN473PH7)";
				"CODE_SIGN_IDENTITY[sdk=iphoneos*]" = "iPhone Developer";
				COPY_PHASE_STRIP = NO;
				DEBUG_INFORMATION_FORMAT = dwarf;
				ENABLE_STRICT_OBJC_MSGSEND = YES;
				ENABLE_TESTABILITY = YES;
				GCC_C_LANGUAGE_STANDARD = gnu99;
				GCC_DYNAMIC_NO_PIC = NO;
				GCC_NO_COMMON_BLOCKS = YES;
				GCC_OPTIMIZATION_LEVEL = 0;
				GCC_PREPROCESSOR_DEFINITIONS = (
					"DEBUG=1",
					"$(inherited)",
				);
				GCC_WARN_64_TO_32_BIT_CONVERSION = YES;
				GCC_WARN_ABOUT_RETURN_TYPE = YES_ERROR;
				GCC_WARN_UNDECLARED_SELECTOR = YES;
				GCC_WARN_UNINITIALIZED_AUTOS = YES_AGGRESSIVE;
				GCC_WARN_UNUSED_FUNCTION = YES;
				GCC_WARN_UNUSED_VARIABLE = YES;
				IPHONEOS_DEPLOYMENT_TARGET = 9.3;
				MTL_ENABLE_DEBUG_INFO = YES;
				ONLY_ACTIVE_ARCH = YES;
				SDKROOT = iphoneos;
				SWIFT_OPTIMIZATION_LEVEL = "-Onone";
			};
			name = Debug;
		};
		D8FDE3C51D7DF5A700B98B48 /* Release */ = {
			isa = XCBuildConfiguration;
			buildSettings = {
				ALWAYS_SEARCH_USER_PATHS = NO;
				CLANG_ANALYZER_NONNULL = YES;
				CLANG_CXX_LANGUAGE_STANDARD = "gnu++0x";
				CLANG_CXX_LIBRARY = "libc++";
				CLANG_ENABLE_MODULES = YES;
				CLANG_ENABLE_OBJC_ARC = YES;
				CLANG_WARN_BOOL_CONVERSION = YES;
				CLANG_WARN_CONSTANT_CONVERSION = YES;
				CLANG_WARN_DIRECT_OBJC_ISA_USAGE = YES_ERROR;
				CLANG_WARN_EMPTY_BODY = YES;
				CLANG_WARN_ENUM_CONVERSION = YES;
				CLANG_WARN_INFINITE_RECURSION = YES;
				CLANG_WARN_INT_CONVERSION = YES;
				CLANG_WARN_OBJC_ROOT_CLASS = YES_ERROR;
				CLANG_WARN_SUSPICIOUS_MOVE = YES;
				CLANG_WARN_UNREACHABLE_CODE = YES;
				CLANG_WARN__DUPLICATE_METHOD_MATCH = YES;
				CODE_SIGN_IDENTITY = "iPhone Developer: brayden14cloud@gmail.com (44ZN473PH7)";
				"CODE_SIGN_IDENTITY[sdk=iphoneos*]" = "iPhone Developer";
				COPY_PHASE_STRIP = NO;
				DEBUG_INFORMATION_FORMAT = "dwarf-with-dsym";
				ENABLE_NS_ASSERTIONS = NO;
				ENABLE_STRICT_OBJC_MSGSEND = YES;
				GCC_C_LANGUAGE_STANDARD = gnu99;
				GCC_NO_COMMON_BLOCKS = YES;
				GCC_WARN_64_TO_32_BIT_CONVERSION = YES;
				GCC_WARN_ABOUT_RETURN_TYPE = YES_ERROR;
				GCC_WARN_UNDECLARED_SELECTOR = YES;
				GCC_WARN_UNINITIALIZED_AUTOS = YES_AGGRESSIVE;
				GCC_WARN_UNUSED_FUNCTION = YES;
				GCC_WARN_UNUSED_VARIABLE = YES;
				IPHONEOS_DEPLOYMENT_TARGET = 9.3;
				MTL_ENABLE_DEBUG_INFO = NO;
				SDKROOT = iphoneos;
				SWIFT_OPTIMIZATION_LEVEL = "-Owholemodule";
				VALIDATE_PRODUCT = YES;
			};
			name = Release;
		};
		D8FDE3C71D7DF5A700B98B48 /* Debug */ = {
			isa = XCBuildConfiguration;
			baseConfigurationReference = CB4C2617C52FE7A9211E9F2C /* Pods-Show And Sell.debug.xcconfig */;
			buildSettings = {
				ASSETCATALOG_COMPILER_APPICON_NAME = AppIcon;
				DEVELOPMENT_TEAM = 43G9VP4VY7;
				INFOPLIST_FILE = "Show And Sell/Info.plist";
				IPHONEOS_DEPLOYMENT_TARGET = 10.0;
				LD_RUNPATH_SEARCH_PATHS = "$(inherited) @executable_path/Frameworks";
				PRODUCT_BUNDLE_IDENTIFIER = "com.insertcoolnamehere.Show-And-Sell";
				PRODUCT_NAME = "$(TARGET_NAME)";
				SWIFT_VERSION = 3.0;
			};
			name = Debug;
		};
		D8FDE3C81D7DF5A700B98B48 /* Release */ = {
			isa = XCBuildConfiguration;
			baseConfigurationReference = ECD91FE9C03C5CFE73CD1092 /* Pods-Show And Sell.release.xcconfig */;
			buildSettings = {
				ASSETCATALOG_COMPILER_APPICON_NAME = AppIcon;
				DEVELOPMENT_TEAM = 43G9VP4VY7;
				INFOPLIST_FILE = "Show And Sell/Info.plist";
				IPHONEOS_DEPLOYMENT_TARGET = 10.0;
				LD_RUNPATH_SEARCH_PATHS = "$(inherited) @executable_path/Frameworks";
				PRODUCT_BUNDLE_IDENTIFIER = "com.insertcoolnamehere.Show-And-Sell";
				PRODUCT_NAME = "$(TARGET_NAME)";
				SWIFT_VERSION = 3.0;
			};
			name = Release;
		};
/* End XCBuildConfiguration section */

/* Begin XCConfigurationList section */
		D8FDE3AF1D7DF5A500B98B48 /* Build configuration list for PBXProject "Show And Sell" */ = {
			isa = XCConfigurationList;
			buildConfigurations = (
				D8FDE3C41D7DF5A700B98B48 /* Debug */,
				D8FDE3C51D7DF5A700B98B48 /* Release */,
			);
			defaultConfigurationIsVisible = 0;
			defaultConfigurationName = Release;
		};
		D8FDE3C61D7DF5A700B98B48 /* Build configuration list for PBXNativeTarget "Show And Sell" */ = {
			isa = XCConfigurationList;
			buildConfigurations = (
				D8FDE3C71D7DF5A700B98B48 /* Debug */,
				D8FDE3C81D7DF5A700B98B48 /* Release */,
			);
			defaultConfigurationIsVisible = 0;
			defaultConfigurationName = Release;
		};
/* End XCConfigurationList section */
	};
	rootObject = D8FDE3AC1D7DF5A500B98B48 /* Project object */;
}
